
Microsoft Visual Studio Solution File, Format Version 12.00
# Visual Studio 14
VisualStudioVersion = 14.0.25420.1
MinimumVisualStudioVersion = 10.0.40219.1
Project("{FAE04EC0-301F-11D3-BF4B-00C04F79EFBC}") = "CHKDSKHelper", "CHKDSK\CHKDSKHelper.csproj", "{FF990101-1C08-4D3C-87F7-BD4FA72940FA}"
EndProject
Global
	GlobalSection(SolutionConfigurationPlatforms) = preSolution
		Debug|Any CPU = Debug|Any CPU
		Release|Any CPU = Release|Any CPU
	EndGlobalSection
	GlobalSection(ProjectConfigurationPlatforms) = postSolution
		{FF990101-1C08-4D3C-87F7-BD4FA72940FA}.Debug|Any CPU.ActiveCfg = Debug|Any CPU
		{FF990101-1C08-4D3C-87F7-BD4FA72940FA}.Debug|Any CPU.Build.0 = Debug|Any CPU
		{FF990101-1C08-4D3C-87F7-BD4FA72940FA}.Release|Any CPU.ActiveCfg = Release|Any CPU
		{FF990101-1C08-4D3C-87F7-BD4FA72940FA}.Release|Any CPU.Build.0 = Release|Any CPU
	EndGlobalSection
	GlobalSection(SolutionProperties) = preSolution
		HideSolutionNode = FALSE
	EndGlobalSection
EndGlobal
